schema: '2.0'
stages:
  data_ingestion:
    cmd: python src/cnnClassifier/pipeline/stage_01_data_ingestion.py
    deps:
    - path: config/config.yaml
      hash: md5
      md5: b75d3eca8f92f3fabc263b1dd8e5a522
      size: 591
    - path: src/cnnClassifier/pipeline/stage_01_data_ingestion.py
      hash: md5
      md5: 277de4d05177db25a2d9875c350b2956
      size: 896
    outs:
    - path: artifacts/data_ingestion/Chest-CT-Scan-data
      hash: md5
      md5: 904fa45d934ce879b3b1933dca6cb2f1.dir
      size: 49247431
      nfiles: 343
  prepare_base_model:
    cmd: python src/cnnClassifier/pipeline/stage_02_prepare_base_model.py
    deps:
    - path: config/config.yaml
      hash: md5
      md5: b75d3eca8f92f3fabc263b1dd8e5a522
      size: 591
    - path: src/cnnClassifier/pipeline/stage_02_prepare_base_model.py
      hash: md5
      md5: 334321e293836613323f126901dc7d68
      size: 977
    params:
      params.yaml:
        CLASSES: 2
        IMAGE_SIZE:
        - 224
        - 224
        - 3
        INCLUDE_TOP: false
        LEARNING_RATE: 0.05
        WEIGHTS: imagenet
    outs:
    - path: artifacts/prepare_base_model
      hash: md5
      md5: 1e4d95af34d8be6d0e233e89b8df2f1f.dir
      size: 118059248
      nfiles: 2
  training:
    cmd: python src/cnnClassifier/pipeline/stage_03_model_trainer.py
    deps:
    - path: artifacts/data_ingestion/Chest-CT-Scan-data
      hash: md5
      md5: 904fa45d934ce879b3b1933dca6cb2f1.dir
      size: 49247431
      nfiles: 343
    - path: artifacts/prepare_base_model
      hash: md5
      md5: 1e4d95af34d8be6d0e233e89b8df2f1f.dir
      size: 118059248
      nfiles: 2
    - path: config/config.yaml
      hash: md5
      md5: b75d3eca8f92f3fabc263b1dd8e5a522
      size: 591
    - path: src/cnnClassifier/pipeline/stage_03_model_trainer.py
      hash: md5
      md5: e5450f65840eee33c864f2108022442f
      size: 883
    params:
      params.yaml:
        AUGMENTATION: true
        BATCH_SIZE: 16
        EPOCHS: 1
        IMAGE_SIZE:
        - 224
        - 224
        - 3
    outs:
    - path: artifacts/training/model.h5
      hash: md5
      md5: e2f50825463604a7bfe3788a7332e145
      size: 59340720
  evaluation:
    cmd: python src/cnnClassifier/pipeline/stage_04_model_evaluation.py
    deps:
    - path: artifacts/data_ingestion/Chest-CT-Scan-data
      hash: md5
      md5: 904fa45d934ce879b3b1933dca6cb2f1.dir
      size: 49247431
      nfiles: 343
    - path: artifacts/training/model.h5
      hash: md5
      md5: e2f50825463604a7bfe3788a7332e145
      size: 59340720
    - path: config/config.yaml
      hash: md5
      md5: b75d3eca8f92f3fabc263b1dd8e5a522
      size: 591
    - path: src/cnnClassifier/pipeline/stage_04_model_evaluation.py
      hash: md5
      md5: 5d3cb38ef2584dde2fc20c9e71e740ee
      size: 850
    params:
      params.yaml:
        BATCH_SIZE: 16
        IMAGE_SIZE:
        - 224
        - 224
        - 3
    outs:
    - path: scores.json
      hash: md5
      md5: 4734b7073cde8f53ea88123586327cfc
      size: 70
